
Microsoft Visual Studio Solution File, Format Version 12.00
# Visual Studio Version 17
VisualStudioVersion = 17.8.34511.84
MinimumVisualStudioVersion = 10.0.40219.1
Project("{9A19103F-16F7-4668-BE54-9A1E7A4F7556}") = "KONSI.CHALLENGE.API", "KONSI.CHALLENGE.API\KONSI.CHALLENGE.API.csproj", "{3B426F46-24AC-4590-8FCA-320D361B3E9A}"
EndProject
Project("{9A19103F-16F7-4668-BE54-9A1E7A4F7556}") = "KONSI.CHALLENGE.CACHE", "KONSI.CHALLENGE.CACHE\KONSI.CHALLENGE.CACHE.csproj", "{73BDF008-59B6-4E46-84F6-1DD770A1A6F2}"
EndProject
Project("{9A19103F-16F7-4668-BE54-9A1E7A4F7556}") = "KONSI.CHALLENGE.DOMAIN", "KONSI.CHALLENGE.DOMAIN\KONSI.CHALLENGE.DOMAIN.csproj", "{21E8E245-2232-41CD-9D06-072815C11C0B}"
EndProject
Project("{9A19103F-16F7-4668-BE54-9A1E7A4F7556}") = "KONSI.CHALLENGE.INFRA.IOC", "KONSI.CHALLENGE.INFRA.IOC\KONSI.CHALLENGE.INFRA.IOC.csproj", "{8C20A49B-037E-4518-B8E5-81F3E46DFA39}"
EndProject
Project("{9A19103F-16F7-4668-BE54-9A1E7A4F7556}") = "KONSI.CHALLENGE.QUEUE", "KONSI.CHALLENGE.QUEUE\KONSI.CHALLENGE.QUEUE.csproj", "{E187EBE1-30FA-431F-A606-6391D0F6D426}"
EndProject
Project("{9A19103F-16F7-4668-BE54-9A1E7A4F7556}") = "KONSI.CHALLENGE.SERVICES", "KONSI.CHALLENGE.SERVICES\KONSI.CHALLENGE.SERVICES.csproj", "{82CF0B1B-5879-42C0-89F3-0B0935CDE7D0}"
EndProject
Project("{9A19103F-16F7-4668-BE54-9A1E7A4F7556}") = "KONSI.CHALLENGE.TESTS", "KONSI.CHALLENGE.TESTS\KONSI.CHALLENGE.TESTS.csproj", "{1480D778-E111-475B-BCEA-472C14B8C08D}"
EndProject
Project("{9A19103F-16F7-4668-BE54-9A1E7A4F7556}") = "KONSI.CHALLENGE.WEBUI", "KONSI.CHALLENGE.WEBUI\KONSI.CHALLENGE.WEBUI.csproj", "{854C5E5E-E2E3-44F1-AE61-29FC20518918}"
EndProject
Project("{FAE04EC0-301F-11D3-BF4B-00C04F79EFBC}") = "KONSI.CHALLENGE.SEARCH", "KONSI.CHALLENGE.SEARCH\KONSI.CHALLENGE.SEARCH.csproj", "{8E3EE152-1BAE-4297-AA55-0948B87B3524}"
EndProject
Global
	GlobalSection(SolutionConfigurationPlatforms) = preSolution
		Debug|Any CPU = Debug|Any CPU
		Release|Any CPU = Release|Any CPU
	EndGlobalSection
	GlobalSection(ProjectConfigurationPlatforms) = postSolution
		{3B426F46-24AC-4590-8FCA-320D361B3E9A}.Debug|Any CPU.ActiveCfg = Debug|Any CPU
		{3B426F46-24AC-4590-8FCA-320D361B3E9A}.Debug|Any CPU.Build.0 = Debug|Any CPU
		{3B426F46-24AC-4590-8FCA-320D361B3E9A}.Release|Any CPU.ActiveCfg = Release|Any CPU
		{3B426F46-24AC-4590-8FCA-320D361B3E9A}.Release|Any CPU.Build.0 = Release|Any CPU
		{73BDF008-59B6-4E46-84F6-1DD770A1A6F2}.Debug|Any CPU.ActiveCfg = Debug|Any CPU
		{73BDF008-59B6-4E46-84F6-1DD770A1A6F2}.Debug|Any CPU.Build.0 = Debug|Any CPU
		{73BDF008-59B6-4E46-84F6-1DD770A1A6F2}.Release|Any CPU.ActiveCfg = Release|Any CPU
		{73BDF008-59B6-4E46-84F6-1DD770A1A6F2}.Release|Any CPU.Build.0 = Release|Any CPU
		{21E8E245-2232-41CD-9D06-072815C11C0B}.Debug|Any CPU.ActiveCfg = Debug|Any CPU
		{21E8E245-2232-41CD-9D06-072815C11C0B}.Debug|Any CPU.Build.0 = Debug|Any CPU
		{21E8E245-2232-41CD-9D06-072815C11C0B}.Release|Any CPU.ActiveCfg = Release|Any CPU
		{21E8E245-2232-41CD-9D06-072815C11C0B}.Release|Any CPU.Build.0 = Release|Any CPU
		{8C20A49B-037E-4518-B8E5-81F3E46DFA39}.Debug|Any CPU.ActiveCfg = Debug|Any CPU
		{8C20A49B-037E-4518-B8E5-81F3E46DFA39}.Debug|Any CPU.Build.0 = Debug|Any CPU
		{8C20A49B-037E-4518-B8E5-81F3E46DFA39}.Release|Any CPU.ActiveCfg = Release|Any CPU
		{8C20A49B-037E-4518-B8E5-81F3E46DFA39}.Release|Any CPU.Build.0 = Release|Any CPU
		{E187EBE1-30FA-431F-A606-6391D0F6D426}.Debug|Any CPU.ActiveCfg = Debug|Any CPU
		{E187EBE1-30FA-431F-A606-6391D0F6D426}.Debug|Any CPU.Build.0 = Debug|Any CPU
		{E187EBE1-30FA-431F-A606-6391D0F6D426}.Release|Any CPU.ActiveCfg = Release|Any CPU
		{E187EBE1-30FA-431F-A606-6391D0F6D426}.Release|Any CPU.Build.0 = Release|Any CPU
		{82CF0B1B-5879-42C0-89F3-0B0935CDE7D0}.Debug|Any CPU.ActiveCfg = Debug|Any CPU
		{82CF0B1B-5879-42C0-89F3-0B0935CDE7D0}.Debug|Any CPU.Build.0 = Debug|Any CPU
		{82CF0B1B-5879-42C0-89F3-0B0935CDE7D0}.Release|Any CPU.ActiveCfg = Release|Any CPU
		{82CF0B1B-5879-42C0-89F3-0B0935CDE7D0}.Release|Any CPU.Build.0 = Release|Any CPU
		{1480D778-E111-475B-BCEA-472C14B8C08D}.Debug|Any CPU.ActiveCfg = Debug|Any CPU
		{1480D778-E111-475B-BCEA-472C14B8C08D}.Debug|Any CPU.Build.0 = Debug|Any CPU
		{1480D778-E111-475B-BCEA-472C14B8C08D}.Release|Any CPU.ActiveCfg = Release|Any CPU
		{1480D778-E111-475B-BCEA-472C14B8C08D}.Release|Any CPU.Build.0 = Release|Any CPU
		{854C5E5E-E2E3-44F1-AE61-29FC20518918}.Debug|Any CPU.ActiveCfg = Debug|Any CPU
		{854C5E5E-E2E3-44F1-AE61-29FC20518918}.Debug|Any CPU.Build.0 = Debug|Any CPU
		{854C5E5E-E2E3-44F1-AE61-29FC20518918}.Release|Any CPU.ActiveCfg = Release|Any CPU
		{854C5E5E-E2E3-44F1-AE61-29FC20518918}.Release|Any CPU.Build.0 = Release|Any CPU
		{8E3EE152-1BAE-4297-AA55-0948B87B3524}.Debug|Any CPU.ActiveCfg = Debug|Any CPU
		{8E3EE152-1BAE-4297-AA55-0948B87B3524}.Debug|Any CPU.Build.0 = Debug|Any CPU
		{8E3EE152-1BAE-4297-AA55-0948B87B3524}.Release|Any CPU.ActiveCfg = Release|Any CPU
		{8E3EE152-1BAE-4297-AA55-0948B87B3524}.Release|Any CPU.Build.0 = Release|Any CPU
	EndGlobalSection
	GlobalSection(SolutionProperties) = preSolution
		HideSolutionNode = FALSE
	EndGlobalSection
	GlobalSection(ExtensibilityGlobals) = postSolution
		SolutionGuid = {386B3BAF-02C0-4184-A6EE-3E951509655A}
	EndGlobalSection
EndGlobal
